Microsoft Visual Studio Solution File, Format Version 8.00
Project("{FAE04EC0-301F-11D3-BF4B-00C04F79EFBC}") = "Piccolo", "Piccolo\Piccolo.csproj", "{A1E844B2-72BC-469D-B68F-7DE6AF0BBCD9}"
	ProjectSection(ProjectDependencies) = postProject
	EndProjectSection
EndProject
Project("{FAE04EC0-301F-11D3-BF4B-00C04F79EFBC}") = "PiccoloX", "PiccoloX\PiccoloX.csproj", "{E4079B36-6A5D-42C2-8F20-6C0DD8780192}"
	ProjectSection(ProjectDependencies) = postProject
	EndProjectSection
EndProject
Project("{54435603-DBB4-11D2-8724-00A0C9A8B90C}") = "Piccolo Help Setup", "Piccolo Help Setup\Piccolo Help Setup.vdproj", "{D610CE4C-DF42-4BF6-8C3B-46EF93598702}"
	ProjectSection(ProjectDependencies) = postProject
	EndProjectSection
EndProject
Global
	GlobalSection(SolutionConfiguration) = preSolution
		Debug = Debug
		Release = Release
	EndGlobalSection
	GlobalSection(ProjectConfiguration) = postSolution
		{A1E844B2-72BC-469D-B68F-7DE6AF0BBCD9}.Debug.ActiveCfg = Debug|.NET
		{A1E844B2-72BC-469D-B68F-7DE6AF0BBCD9}.Debug.Build.0 = Debug|.NET
		{A1E844B2-72BC-469D-B68F-7DE6AF0BBCD9}.Release.ActiveCfg = Release|.NET
		{A1E844B2-72BC-469D-B68F-7DE6AF0BBCD9}.Release.Build.0 = Release|.NET
		{E4079B36-6A5D-42C2-8F20-6C0DD8780192}.Debug.ActiveCfg = Debug|.NET
		{E4079B36-6A5D-42C2-8F20-6C0DD8780192}.Debug.Build.0 = Debug|.NET
		{E4079B36-6A5D-42C2-8F20-6C0DD8780192}.Release.ActiveCfg = Release|.NET
		{E4079B36-6A5D-42C2-8F20-6C0DD8780192}.Release.Build.0 = Release|.NET
		{D610CE4C-DF42-4BF6-8C3B-46EF93598702}.Debug.ActiveCfg = Debug
		{D610CE4C-DF42-4BF6-8C3B-46EF93598702}.Release.ActiveCfg = Release
	EndGlobalSection
	GlobalSection(ExtensibilityGlobals) = postSolution
	EndGlobalSection
	GlobalSection(ExtensibilityAddIns) = postSolution
	EndGlobalSection
EndGlobal
